// !$*UTF8*$!
{
	archiveVersion = 1;
	classes = {
	};
	objectVersion = 56;
	objects = {

/* Begin PBXBuildFile section */
		AC86DCC52AF3B4840018F4A9 /* AppDelegate.swift in Sources */ = {isa = PBXBuildFile; fileRef = AC86DCC42AF3B4840018F4A9 /* AppDelegate.swift */; };
		AC86DCC72AF3B4840018F4A9 /* SceneDelegate.swift in Sources */ = {isa = PBXBuildFile; fileRef = AC86DCC62AF3B4840018F4A9 /* SceneDelegate.swift */; };
		AC86DCC92AF3B4840018F4A9 /* FeedViewController.swift in Sources */ = {isa = PBXBuildFile; fileRef = AC86DCC82AF3B4840018F4A9 /* FeedViewController.swift */; };
		AC86DCCE2AF3B4850018F4A9 /* Assets.xcassets in Resources */ = {isa = PBXBuildFile; fileRef = AC86DCCD2AF3B4850018F4A9 /* Assets.xcassets */; };
		AC86DCDC2AF3BA0E0018F4A9 /* Localizable.strings in Resources */ = {isa = PBXBuildFile; fileRef = AC86DCDE2AF3BA0E0018F4A9 /* Localizable.strings */; };
		AC86DCE22AF3BE4B0018F4A9 /* SnapKit in Frameworks */ = {isa = PBXBuildFile; productRef = AC86DCE12AF3BE4B0018F4A9 /* SnapKit */; };
		AC86DCE42AF3BE4B0018F4A9 /* SnapKit-Dynamic in Frameworks */ = {isa = PBXBuildFile; productRef = AC86DCE32AF3BE4B0018F4A9 /* SnapKit-Dynamic */; };
		AC86DCE62AF3C3C40018F4A9 /* LogoView.swift in Sources */ = {isa = PBXBuildFile; fileRef = AC86DCE52AF3C3C40018F4A9 /* LogoView.swift */; };
		AC86DCEA2AF3D9560018F4A9 /* BankViewController.swift in Sources */ = {isa = PBXBuildFile; fileRef = AC86DCE92AF3D9560018F4A9 /* BankViewController.swift */; };
		AC9E8C962AF4C216002F0993 /* Coordinator .swift in Sources */ = {isa = PBXBuildFile; fileRef = AC9E8C952AF4C216002F0993 /* Coordinator .swift */; };
		AC9E8C982AF4C47E002F0993 /* AppCoordinator.swift in Sources */ = {isa = PBXBuildFile; fileRef = AC9E8C972AF4C47E002F0993 /* AppCoordinator.swift */; };
/* End PBXBuildFile section */

/* Begin PBXFileReference section */
		AC86DCC12AF3B4840018F4A9 /* Localithation test.app */ = {isa = PBXFileReference; explicitFileType = wrapper.application; includeInIndex = 0; path = "Localithation test.app"; sourceTree = BUILT_PRODUCTS_DIR; };
		AC86DCC42AF3B4840018F4A9 /* AppDelegate.swift */ = {isa = PBXFileReference; lastKnownFileType = sourcecode.swift; path = AppDelegate.swift; sourceTree = "<group>"; };
		AC86DCC62AF3B4840018F4A9 /* SceneDelegate.swift */ = {isa = PBXFileReference; lastKnownFileType = sourcecode.swift; path = SceneDelegate.swift; sourceTree = "<group>"; };
		AC86DCC82AF3B4840018F4A9 /* FeedViewController.swift */ = {isa = PBXFileReference; lastKnownFileType = sourcecode.swift; path = FeedViewController.swift; sourceTree = "<group>"; };
		AC86DCCD2AF3B4850018F4A9 /* Assets.xcassets */ = {isa = PBXFileReference; lastKnownFileType = folder.assetcatalog; path = Assets.xcassets; sourceTree = "<group>"; };
		AC86DCD22AF3B4850018F4A9 /* Info.plist */ = {isa = PBXFileReference; lastKnownFileType = text.plist.xml; path = Info.plist; sourceTree = "<group>"; };
		AC86DCDF2AF3BA180018F4A9 /* en */ = {isa = PBXFileReference; lastKnownFileType = text.plist.strings; name = en; path = en.lproj/Localizable.strings; sourceTree = "<group>"; };
		AC86DCE52AF3C3C40018F4A9 /* LogoView.swift */ = {isa = PBXFileReference; lastKnownFileType = sourcecode.swift; path = LogoView.swift; sourceTree = "<group>"; };
		AC86DCE72AF3CEF10018F4A9 /* de */ = {isa = PBXFileReference; lastKnownFileType = text.plist.strings; name = de; path = de.lproj/Localizable.strings; sourceTree = "<group>"; };
		AC86DCE82AF3D0060018F4A9 /* ru */ = {isa = PBXFileReference; lastKnownFileType = text.plist.strings; name = ru; path = ru.lproj/Localizable.strings; sourceTree = "<group>"; };
		AC86DCE92AF3D9560018F4A9 /* BankViewController.swift */ = {isa = PBXFileReference; lastKnownFileType = sourcecode.swift; path = BankViewController.swift; sourceTree = "<group>"; };
		AC9E8C952AF4C216002F0993 /* Coordinator .swift */ = {isa = PBXFileReference; lastKnownFileType = sourcecode.swift; path = "Coordinator .swift"; sourceTree = "<group>"; };
		AC9E8C972AF4C47E002F0993 /* AppCoordinator.swift */ = {isa = PBXFileReference; lastKnownFileType = sourcecode.swift; path = AppCoordinator.swift; sourceTree = "<group>"; };
/* End PBXFileReference section */

/* Begin PBXFrameworksBuildPhase section */
		AC86DCBE2AF3B4840018F4A9 /* Frameworks */ = {
			isa = PBXFrameworksBuildPhase;
			buildActionMask = 2147483647;
			files = (
				AC86DCE22AF3BE4B0018F4A9 /* SnapKit in Frameworks */,
				AC86DCE42AF3BE4B0018F4A9 /* SnapKit-Dynamic in Frameworks */,
			);
			runOnlyForDeploymentPostprocessing = 0;
		};
/* End PBXFrameworksBuildPhase section */

/* Begin PBXGroup section */
		AC86DCB82AF3B4840018F4A9 = {
			isa = PBXGroup;
			children = (
				AC86DCC32AF3B4840018F4A9 /* Localithation test */,
				AC86DCC22AF3B4840018F4A9 /* Products */,
			);
			sourceTree = "<group>";
		};
		AC86DCC22AF3B4840018F4A9 /* Products */ = {
			isa = PBXGroup;
			children = (
				AC86DCC12AF3B4840018F4A9 /* Localithation test.app */,
			);
			name = Products;
			sourceTree = "<group>";
		};
		AC86DCC32AF3B4840018F4A9 /* Localithation test */ = {
			isa = PBXGroup;
			children = (
				AC86DCC42AF3B4840018F4A9 /* AppDelegate.swift */,
				AC86DCC62AF3B4840018F4A9 /* SceneDelegate.swift */,
				AC9E8C992AF4C614002F0993 /* Coordinators */,
				AC86DCE92AF3D9560018F4A9 /* BankViewController.swift */,
				AC86DCC82AF3B4840018F4A9 /* FeedViewController.swift */,
				AC86DCE52AF3C3C40018F4A9 /* LogoView.swift */,
				AC86DCDE2AF3BA0E0018F4A9 /* Localizable.strings */,
				AC86DCCD2AF3B4850018F4A9 /* Assets.xcassets */,
				AC86DCD22AF3B4850018F4A9 /* Info.plist */,
			);
			path = "Localithation test";
			sourceTree = "<group>";
		};
		AC9E8C992AF4C614002F0993 /* Coordinators */ = {
			isa = PBXGroup;
			children = (
				AC9E8C972AF4C47E002F0993 /* AppCoordinator.swift */,
				AC9E8C952AF4C216002F0993 /* Coordinator .swift */,
			);
			path = Coordinators;
			sourceTree = "<group>";
		};
/* End PBXGroup section */

/* Begin PBXNativeTarget section */
		AC86DCC02AF3B4840018F4A9 /* Localithation test */ = {
			isa = PBXNativeTarget;
			buildConfigurationList = AC86DCD52AF3B4850018F4A9 /* Build configuration list for PBXNativeTarget "Localithation test" */;
			buildPhases = (
				AC86DCBD2AF3B4840018F4A9 /* Sources */,
				AC86DCBE2AF3B4840018F4A9 /* Frameworks */,
				AC86DCBF2AF3B4840018F4A9 /* Resources */,
			);
			buildRules = (
			);
			dependencies = (
			);
			name = "Localithation test";
			packageProductDependencies = (
				AC86DCE12AF3BE4B0018F4A9 /* SnapKit */,
				AC86DCE32AF3BE4B0018F4A9 /* SnapKit-Dynamic */,
			);
			productName = "Localithation test";
			productReference = AC86DCC12AF3B4840018F4A9 /* Localithation test.app */;
			productType = "com.apple.product-type.application";
		};
/* End PBXNativeTarget section */

/* Begin PBXProject section */
		AC86DCB92AF3B4840018F4A9 /* Project object */ = {
			isa = PBXProject;
			attributes = {
				BuildIndependentTargetsInParallel = 1;
				LastSwiftUpdateCheck = 1500;
				LastUpgradeCheck = 1500;
				TargetAttributes = {
					AC86DCC02AF3B4840018F4A9 = {
						CreatedOnToolsVersion = 15.0.1;
					};
				};
			};
			buildConfigurationList = AC86DCBC2AF3B4840018F4A9 /* Build configuration list for PBXProject "Localithation test" */;
			compatibilityVersion = "Xcode 14.0";
			developmentRegion = en;
			hasScannedForEncodings = 0;
			knownRegions = (
				en,
				Base,
				ru,
				de,
			);
			mainGroup = AC86DCB82AF3B4840018F4A9;
			packageReferences = (
				AC86DCE02AF3BE4B0018F4A9 /* XCRemoteSwiftPackageReference "SnapKit" */,
			);
			productRefGroup = AC86DCC22AF3B4840018F4A9 /* Products */;
			projectDirPath = "";
			projectRoot = "";
			targets = (
				AC86DCC02AF3B4840018F4A9 /* Localithation test */,
			);
		};
/* End PBXProject section */

/* Begin PBXResourcesBuildPhase section */
		AC86DCBF2AF3B4840018F4A9 /* Resources */ = {
			isa = PBXResourcesBuildPhase;
			buildActionMask = 2147483647;
			files = (
				AC86DCDC2AF3BA0E0018F4A9 /* Localizable.strings in Resources */,
				AC86DCCE2AF3B4850018F4A9 /* Assets.xcassets in Resources */,
			);
			runOnlyForDeploymentPostprocessing = 0;
		};
/* End PBXResourcesBuildPhase section */

/* Begin PBXSourcesBuildPhase section */
		AC86DCBD2AF3B4840018F4A9 /* Sources */ = {
			isa = PBXSourcesBuildPhase;
			buildActionMask = 2147483647;
			files = (
				AC86DCC92AF3B4840018F4A9 /* FeedViewController.swift in Sources */,
				AC86DCEA2AF3D9560018F4A9 /* BankViewController.swift in Sources */,
				AC86DCE62AF3C3C40018F4A9 /* LogoView.swift in Sources */,
				AC86DCC52AF3B4840018F4A9 /* AppDelegate.swift in Sources */,
				AC86DCC72AF3B4840018F4A9 /* SceneDelegate.swift in Sources */,
				AC9E8C962AF4C216002F0993 /* Coordinator .swift in Sources */,
				AC9E8C982AF4C47E002F0993 /* AppCoordinator.swift in Sources */,
			);
			runOnlyForDeploymentPostprocessing = 0;
		};
/* End PBXSourcesBuildPhase section */

/* Begin PBXVariantGroup section */
		AC86DCDE2AF3BA0E0018F4A9 /* Localizable.strings */ = {
			isa = PBXVariantGroup;
			children = (
				AC86DCDF2AF3BA180018F4A9 /* en */,
				AC86DCE72AF3CEF10018F4A9 /* de */,
				AC86DCE82AF3D0060018F4A9 /* ru */,
			);
			name = Localizable.strings;
			sourceTree = "<group>";
		};
/* End PBXVariantGroup section */

/* Begin XCBuildConfiguration section */
		AC86DCD32AF3B4850018F4A9 /* Debug */ = {
			isa = XCBuildConfiguration;
			buildSettings = {
				ALWAYS_SEARCH_USER_PATHS = NO;
				ASSETCATALOG_COMPILER_GENERATE_SWIFT_ASSET_SYMBOL_EXTENSIONS = YES;
				CLANG_ANALYZER_LOCALIZABILITY_NONLOCALIZED = YES;
				CLANG_ANALYZER_NONNULL = YES;
				CLANG_ANALYZER_NUMBER_OBJECT_CONVERSION = YES_AGGRESSIVE;
				CLANG_CXX_LANGUAGE_STANDARD = "gnu++20";
				CLANG_ENABLE_MODULES = YES;
				CLANG_ENABLE_OBJC_ARC = YES;
				CLANG_ENABLE_OBJC_WEAK = YES;
				CLANG_WARN_BLOCK_CAPTURE_AUTORELEASING = YES;
				CLANG_WARN_BOOL_CONVERSION = YES;
				CLANG_WARN_COMMA = YES;
				CLANG_WARN_CONSTANT_CONVERSION = YES;
				CLANG_WARN_DEPRECATED_OBJC_IMPLEMENTATIONS = YES;
				CLANG_WARN_DIRECT_OBJC_ISA_USAGE = YES_ERROR;
				CLANG_WARN_DOCUMENTATION_COMMENTS = YES;
				CLANG_WARN_EMPTY_BODY = YES;
				CLANG_WARN_ENUM_CONVERSION = YES;
				CLANG_WARN_INFINITE_RECURSION = YES;
				CLANG_WARN_INT_CONVERSION = YES;
				CLANG_WARN_NON_LITERAL_NULL_CONVERSION = YES;
				CLANG_WARN_OBJC_IMPLICIT_RETAIN_SELF = YES;
				CLANG_WARN_OBJC_LITERAL_CONVERSION = YES;
				CLANG_WARN_OBJC_ROOT_CLASS = YES_ERROR;
				CLANG_WARN_QUOTED_INCLUDE_IN_FRAMEWORK_HEADER = YES;
				CLANG_WARN_RANGE_LOOP_ANALYSIS = YES;
				CLANG_WARN_STRICT_PROTOTYPES = YES;
				CLANG_WARN_SUSPICIOUS_MOVE = YES;
				CLANG_WARN_UNGUARDED_AVAILABILITY = YES_AGGRESSIVE;
				CLANG_WARN_UNREACHABLE_CODE = YES;
				CLANG_WARN__DUPLICATE_METHOD_MATCH = YES;
				COPY_PHASE_STRIP = NO;
				DEBUG_INFORMATION_FORMAT = dwarf;
				ENABLE_STRICT_OBJC_MSGSEND = YES;
				ENABLE_TESTABILITY = YES;
				ENABLE_USER_SCRIPT_SANDBOXING = YES;
				GCC_C_LANGUAGE_STANDARD = gnu17;
				GCC_DYNAMIC_NO_PIC = NO;
				GCC_NO_COMMON_BLOCKS = YES;
				GCC_OPTIMIZATION_LEVEL = 0;
				GCC_PREPROCESSOR_DEFINITIONS = (
					"DEBUG=1",
					"$(inherited)",
				);
				GCC_WARN_64_TO_32_BIT_CONVERSION = YES;
				GCC_WARN_ABOUT_RETURN_TYPE = YES_ERROR;
				GCC_WARN_UNDECLARED_SELECTOR = YES;
				GCC_WARN_UNINITIALIZED_AUTOS = YES_AGGRESSIVE;
				GCC_WARN_UNUSED_FUNCTION = YES;
				GCC_WARN_UNUSED_VARIABLE = YES;
				IPHONEOS_DEPLOYMENT_TARGET = 17.0;
				LOCALIZATION_PREFERS_STRING_CATALOGS = YES;
				MTL_ENABLE_DEBUG_INFO = INCLUDE_SOURCE;
				MTL_FAST_MATH = YES;
				ONLY_ACTIVE_ARCH = YES;
				SDKROOT = iphoneos;
				SWIFT_ACTIVE_COMPILATION_CONDITIONS = "DEBUG $(inherited)";
				SWIFT_OPTIMIZATION_LEVEL = "-Onone";
			};
			name = Debug;
		};
		AC86DCD42AF3B4850018F4A9 /* Release */ = {
			isa = XCBuildConfiguration;
			buildSettings = {
				ALWAYS_SEARCH_USER_PATHS = NO;
				ASSETCATALOG_COMPILER_GENERATE_SWIFT_ASSET_SYMBOL_EXTENSIONS = YES;
				CLANG_ANALYZER_LOCALIZABILITY_NONLOCALIZED = YES;
				CLANG_ANALYZER_NONNULL = YES;
				CLANG_ANALYZER_NUMBER_OBJECT_CONVERSION = YES_AGGRESSIVE;
				CLANG_CXX_LANGUAGE_STANDARD = "gnu++20";
				CLANG_ENABLE_MODULES = YES;
				CLANG_ENABLE_OBJC_ARC = YES;
				CLANG_ENABLE_OBJC_WEAK = YES;
				CLANG_WARN_BLOCK_CAPTURE_AUTORELEASING = YES;
				CLANG_WARN_BOOL_CONVERSION = YES;
				CLANG_WARN_COMMA = YES;
				CLANG_WARN_CONSTANT_CONVERSION = YES;
				CLANG_WARN_DEPRECATED_OBJC_IMPLEMENTATIONS = YES;
				CLANG_WARN_DIRECT_OBJC_ISA_USAGE = YES_ERROR;
				CLANG_WARN_DOCUMENTATION_COMMENTS = YES;
				CLANG_WARN_EMPTY_BODY = YES;
				CLANG_WARN_ENUM_CONVERSION = YES;
				CLANG_WARN_INFINITE_RECURSION = YES;
				CLANG_WARN_INT_CONVERSION = YES;
				CLANG_WARN_NON_LITERAL_NULL_CONVERSION = YES;
				CLANG_WARN_OBJC_IMPLICIT_RETAIN_SELF = YES;
				CLANG_WARN_OBJC_LITERAL_CONVERSION = YES;
				CLANG_WARN_OBJC_ROOT_CLASS = YES_ERROR;
				CLANG_WARN_QUOTED_INCLUDE_IN_FRAMEWORK_HEADER = YES;
				CLANG_WARN_RANGE_LOOP_ANALYSIS = YES;
				CLANG_WARN_STRICT_PROTOTYPES = YES;
				CLANG_WARN_SUSPICIOUS_MOVE = YES;
				CLANG_WARN_UNGUARDED_AVAILABILITY = YES_AGGRESSIVE;
				CLANG_WARN_UNREACHABLE_CODE = YES;
				CLANG_WARN__DUPLICATE_METHOD_MATCH = YES;
				COPY_PHASE_STRIP = NO;
				DEBUG_INFORMATION_FORMAT = "dwarf-with-dsym";
				ENABLE_NS_ASSERTIONS = NO;
				ENABLE_STRICT_OBJC_MSGSEND = YES;
				ENABLE_USER_SCRIPT_SANDBOXING = YES;
				GCC_C_LANGUAGE_STANDARD = gnu17;
				GCC_NO_COMMON_BLOCKS = YES;
				GCC_WARN_64_TO_32_BIT_CONVERSION = YES;
				GCC_WARN_ABOUT_RETURN_TYPE = YES_ERROR;
				GCC_WARN_UNDECLARED_SELECTOR = YES;
				GCC_WARN_UNINITIALIZED_AUTOS = YES_AGGRESSIVE;
				GCC_WARN_UNUSED_FUNCTION = YES;
				GCC_WARN_UNUSED_VARIABLE = YES;
				IPHONEOS_DEPLOYMENT_TARGET = 17.0;
				LOCALIZATION_PREFERS_STRING_CATALOGS = YES;
				MTL_ENABLE_DEBUG_INFO = NO;
				MTL_FAST_MATH = YES;
				SDKROOT = iphoneos;
				SWIFT_COMPILATION_MODE = wholemodule;
				VALIDATE_PRODUCT = YES;
			};
			name = Release;
		};
		AC86DCD62AF3B4850018F4A9 /* Debug */ = {
			isa = XCBuildConfiguration;
			buildSettings = {
				ASSETCATALOG_COMPILER_APPICON_NAME = AppIcon;
				ASSETCATALOG_COMPILER_GLOBAL_ACCENT_COLOR_NAME = AccentColor;
				CODE_SIGN_STYLE = Automatic;
				CURRENT_PROJECT_VERSION = 1;
				DEVELOPMENT_TEAM = R8Q96AG2X9;
				GENERATE_INFOPLIST_FILE = YES;
				INFOPLIST_FILE = "Localithation test/Info.plist";
				INFOPLIST_KEY_UIApplicationSupportsIndirectInputEvents = YES;
				INFOPLIST_KEY_UILaunchStoryboardName = LaunchScreen;
				INFOPLIST_KEY_UIMainStoryboardFile = "";
				INFOPLIST_KEY_UISupportedInterfaceOrientations = UIInterfaceOrientationPortrait;
				INFOPLIST_KEY_UISupportedInterfaceOrientations_iPad = "UIInterfaceOrientationLandscapeLeft UIInterfaceOrientationLandscapeRight UIInterfaceOrientationPortrait UIInterfaceOrientationPortraitUpsideDown";
				IPHONEOS_DEPLOYMENT_TARGET = 16.0;
				LD_RUNPATH_SEARCH_PATHS = (
					"$(inherited)",
					"@executable_path/Frameworks",
				);
				MARKETING_VERSION = 1.0;
				PRODUCT_BUNDLE_IDENTIFIER = "norina-sofia.Localithation-test";
				PRODUCT_NAME = "$(TARGET_NAME)";
				SUPPORTED_PLATFORMS = "iphoneos iphonesimulator";
				SUPPORTS_MACCATALYST = NO;
				SUPPORTS_MAC_DESIGNED_FOR_IPHONE_IPAD = NO;
				SWIFT_EMIT_LOC_STRINGS = YES;
				SWIFT_VERSION = 5.0;
				TARGETED_DEVICE_FAMILY = 1;
			};
			name = Debug;
		};
		AC86DCD72AF3B4850018F4A9 /* Release */ = {
			isa = XCBuildConfiguration;
			buildSettings = {
				ASSETCATALOG_COMPILER_APPICON_NAME = AppIcon;
				ASSETCATALOG_COMPILER_GLOBAL_ACCENT_COLOR_NAME = AccentColor;
				CODE_SIGN_STYLE = Automatic;
				CURRENT_PROJECT_VERSION = 1;
				DEVELOPMENT_TEAM = R8Q96AG2X9;
				GENERATE_INFOPLIST_FILE = YES;
				INFOPLIST_FILE = "Localithation test/Info.plist";
				INFOPLIST_KEY_UIApplicationSupportsIndirectInputEvents = YES;
				INFOPLIST_KEY_UILaunchStoryboardName = LaunchScreen;
				INFOPLIST_KEY_UIMainStoryboardFile = "";
				INFOPLIST_KEY_UISupportedInterfaceOrientations = UIInterfaceOrientationPortrait;
				INFOPLIST_KEY_UISupportedInterfaceOrientations_iPad = "UIInterfaceOrientationLandscapeLeft UIInterfaceOrientationLandscapeRight UIInterfaceOrientationPortrait UIInterfaceOrientationPortraitUpsideDown";
				IPHONEOS_DEPLOYMENT_TARGET = 16.0;
				LD_RUNPATH_SEARCH_PATHS = (
					"$(inherited)",
					"@executable_path/Frameworks",
				);
				MARKETING_VERSION = 1.0;
				PRODUCT_BUNDLE_IDENTIFIER = "norina-sofia.Localithation-test";
				PRODUCT_NAME = "$(TARGET_NAME)";
				SUPPORTED_PLATFORMS = "iphoneos iphonesimulator";
				SUPPORTS_MACCATALYST = NO;
				SUPPORTS_MAC_DESIGNED_FOR_IPHONE_IPAD = NO;
				SWIFT_EMIT_LOC_STRINGS = YES;
				SWIFT_VERSION = 5.0;
				TARGETED_DEVICE_FAMILY = 1;
			};
			name = Release;
		};
/* End XCBuildConfiguration section */

/* Begin XCConfigurationList section */
		AC86DCBC2AF3B4840018F4A9 /* Build configuration list for PBXProject "Localithation test" */ = {
			isa = XCConfigurationList;
			buildConfigurations = (
				AC86DCD32AF3B4850018F4A9 /* Debug */,
				AC86DCD42AF3B4850018F4A9 /* Release */,
			);
			defaultConfigurationIsVisible = 0;
			defaultConfigurationName = Release;
		};
		AC86DCD52AF3B4850018F4A9 /* Build configuration list for PBXNativeTarget "Localithation test" */ = {
			isa = XCConfigurationList;
			buildConfigurations = (
				AC86DCD62AF3B4850018F4A9 /* Debug */,
				AC86DCD72AF3B4850018F4A9 /* Release */,
			);
			defaultConfigurationIsVisible = 0;
			defaultConfigurationName = Release;
		};
/* End XCConfigurationList section */

/* Begin XCRemoteSwiftPackageReference section */
		AC86DCE02AF3BE4B0018F4A9 /* XCRemoteSwiftPackageReference "SnapKit" */ = {
			isa = XCRemoteSwiftPackageReference;
			repositoryURL = "https://github.com/SnapKit/SnapKit";
			requirement = {
				kind = upToNextMajorVersion;
				minimumVersion = 5.6.0;
			};
		};
/* End XCRemoteSwiftPackageReference section */

/* Begin XCSwiftPackageProductDependency section */
		AC86DCE12AF3BE4B0018F4A9 /* SnapKit */ = {
			isa = XCSwiftPackageProductDependency;
			package = AC86DCE02AF3BE4B0018F4A9 /* XCRemoteSwiftPackageReference "SnapKit" */;
			productName = SnapKit;
		};
		AC86DCE32AF3BE4B0018F4A9 /* SnapKit-Dynamic */ = {
			isa = XCSwiftPackageProductDependency;
			package = AC86DCE02AF3BE4B0018F4A9 /* XCRemoteSwiftPackageReference "SnapKit" */;
			productName = "SnapKit-Dynamic";
		};
/* End XCSwiftPackageProductDependency section */
	};
	rootObject = AC86DCB92AF3B4840018F4A9 /* Project object */;
}
